
Microsoft Visual Studio Solution File, Format Version 12.00
# Visual Studio 14
VisualStudioVersion = 14.0.25420.1
MinimumVisualStudioVersion = 10.0.40219.1
Project("{8BC9CEB8-8B4A-11D0-8D11-00A0C91BC942}") = "MFCApp11", "MFCApp11\MFCApp11.vcxproj", "{82C0C723-9EBD-4889-9662-9A2C6D316CCD}"
EndProject
Project("{8BC9CEB8-8B4A-11D0-8D11-00A0C91BC942}") = "MFCApp12", "MFCApp12\MFCApp12.vcxproj", "{D5697EE2-017A-4171-AF03-69F8C7373891}"
EndProject
Project("{8BC9CEB8-8B4A-11D0-8D11-00A0C91BC942}") = "MFCApp21", "MFCApp21\MFCApp21.vcxproj", "{FCA86E32-3E73-4AD9-AF56-0EA8B8BB6DFA}"
EndProject
Project("{8BC9CEB8-8B4A-11D0-8D11-00A0C91BC942}") = "MFCApp22", "MFCApp22\MFCApp22.vcxproj", "{A3E4D40B-90C3-4AB0-96F7-CF18D95C4F97}"
EndProject
Project("{8BC9CEB8-8B4A-11D0-8D11-00A0C91BC942}") = "MiniDraw", "MiniDraw\MiniDraw.vcxproj", "{2E39778D-4969-47E7-90DC-5780B6965F4B}"
EndProject
Global
	GlobalSection(SolutionConfigurationPlatforms) = preSolution
		Debug|x64 = Debug|x64
		Debug|x86 = Debug|x86
		Release|x64 = Release|x64
		Release|x86 = Release|x86
	EndGlobalSection
	GlobalSection(ProjectConfigurationPlatforms) = postSolution
		{82C0C723-9EBD-4889-9662-9A2C6D316CCD}.Debug|x64.ActiveCfg = Debug|x64
		{82C0C723-9EBD-4889-9662-9A2C6D316CCD}.Debug|x64.Build.0 = Debug|x64
		{82C0C723-9EBD-4889-9662-9A2C6D316CCD}.Debug|x86.ActiveCfg = Debug|Win32
		{82C0C723-9EBD-4889-9662-9A2C6D316CCD}.Debug|x86.Build.0 = Debug|Win32
		{82C0C723-9EBD-4889-9662-9A2C6D316CCD}.Release|x64.ActiveCfg = Release|x64
		{82C0C723-9EBD-4889-9662-9A2C6D316CCD}.Release|x64.Build.0 = Release|x64
		{82C0C723-9EBD-4889-9662-9A2C6D316CCD}.Release|x86.ActiveCfg = Release|Win32
		{82C0C723-9EBD-4889-9662-9A2C6D316CCD}.Release|x86.Build.0 = Release|Win32
		{D5697EE2-017A-4171-AF03-69F8C7373891}.Debug|x64.ActiveCfg = Debug|x64
		{D5697EE2-017A-4171-AF03-69F8C7373891}.Debug|x64.Build.0 = Debug|x64
		{D5697EE2-017A-4171-AF03-69F8C7373891}.Debug|x86.ActiveCfg = Debug|Win32
		{D5697EE2-017A-4171-AF03-69F8C7373891}.Debug|x86.Build.0 = Debug|Win32
		{D5697EE2-017A-4171-AF03-69F8C7373891}.Release|x64.ActiveCfg = Release|x64
		{D5697EE2-017A-4171-AF03-69F8C7373891}.Release|x64.Build.0 = Release|x64
		{D5697EE2-017A-4171-AF03-69F8C7373891}.Release|x86.ActiveCfg = Release|Win32
		{D5697EE2-017A-4171-AF03-69F8C7373891}.Release|x86.Build.0 = Release|Win32
		{FCA86E32-3E73-4AD9-AF56-0EA8B8BB6DFA}.Debug|x64.ActiveCfg = Debug|x64
		{FCA86E32-3E73-4AD9-AF56-0EA8B8BB6DFA}.Debug|x64.Build.0 = Debug|x64
		{FCA86E32-3E73-4AD9-AF56-0EA8B8BB6DFA}.Debug|x86.ActiveCfg = Debug|Win32
		{FCA86E32-3E73-4AD9-AF56-0EA8B8BB6DFA}.Debug|x86.Build.0 = Debug|Win32
		{FCA86E32-3E73-4AD9-AF56-0EA8B8BB6DFA}.Release|x64.ActiveCfg = Release|x64
		{FCA86E32-3E73-4AD9-AF56-0EA8B8BB6DFA}.Release|x64.Build.0 = Release|x64
		{FCA86E32-3E73-4AD9-AF56-0EA8B8BB6DFA}.Release|x86.ActiveCfg = Release|Win32
		{FCA86E32-3E73-4AD9-AF56-0EA8B8BB6DFA}.Release|x86.Build.0 = Release|Win32
		{A3E4D40B-90C3-4AB0-96F7-CF18D95C4F97}.Debug|x64.ActiveCfg = Debug|x64
		{A3E4D40B-90C3-4AB0-96F7-CF18D95C4F97}.Debug|x64.Build.0 = Debug|x64
		{A3E4D40B-90C3-4AB0-96F7-CF18D95C4F97}.Debug|x86.ActiveCfg = Debug|Win32
		{A3E4D40B-90C3-4AB0-96F7-CF18D95C4F97}.Debug|x86.Build.0 = Debug|Win32
		{A3E4D40B-90C3-4AB0-96F7-CF18D95C4F97}.Release|x64.ActiveCfg = Release|x64
		{A3E4D40B-90C3-4AB0-96F7-CF18D95C4F97}.Release|x64.Build.0 = Release|x64
		{A3E4D40B-90C3-4AB0-96F7-CF18D95C4F97}.Release|x86.ActiveCfg = Release|Win32
		{A3E4D40B-90C3-4AB0-96F7-CF18D95C4F97}.Release|x86.Build.0 = Release|Win32
		{2E39778D-4969-47E7-90DC-5780B6965F4B}.Debug|x64.ActiveCfg = Debug|x64
		{2E39778D-4969-47E7-90DC-5780B6965F4B}.Debug|x64.Build.0 = Debug|x64
		{2E39778D-4969-47E7-90DC-5780B6965F4B}.Debug|x86.ActiveCfg = Debug|Win32
		{2E39778D-4969-47E7-90DC-5780B6965F4B}.Debug|x86.Build.0 = Debug|Win32
		{2E39778D-4969-47E7-90DC-5780B6965F4B}.Release|x64.ActiveCfg = Release|x64
		{2E39778D-4969-47E7-90DC-5780B6965F4B}.Release|x64.Build.0 = Release|x64
		{2E39778D-4969-47E7-90DC-5780B6965F4B}.Release|x86.ActiveCfg = Release|Win32
		{2E39778D-4969-47E7-90DC-5780B6965F4B}.Release|x86.Build.0 = Release|Win32
	EndGlobalSection
	GlobalSection(SolutionProperties) = preSolution
		HideSolutionNode = FALSE
	EndGlobalSection
EndGlobal
